filippo.io/edwards25519 v1.0.0-rc.1 h1:m0VOOB23frXZvAOK44usCgLWvtsxIoMCTBGJZlpmGfU=
filippo.io/edwards25519 v1.0.0-rc.1/go.mod h1:N1IkdkCkiLB6tki+MYJoSx2JTY9NUlxZE7eHn5EwJns=
github.com/OneOfOne/struct2ts v1.0.6 h1:kLFEisG4K43k1thctN9BNZP4Y/RxRbO8tPyi3G5qPl4=
github.com/OneOfOne/struct2ts v1.0.6/go.mod h1:GbIenlFXroS2wRhpYXHEq7y7HWsY3SFBIKxkqzbnAsU=
github.com/aead/chacha20 v0.0.0-20180709150244-8b13a72661da h1:KjTM2ks9d14ZYCvmHS9iAKVt9AyzRSqNU1qabPih5BY=
github.com/aead/chacha20 v0.0.0-20180709150244-8b13a72661da/go.mod h1:eHEWzANqSiWQsof+nXEI9bUVUyV6F53Fp89EuCh2EAA=
github.com/alecthomas/template v0.0.0-20160405071501-a0175ee3bccc/go.mod h1:LOuyumcjzFXgccqObfd/Ljyb9UuFJ6TxHnclSeseNhc=
github.com/alecthomas/units v0.0.0-20151022065526-2efee857e7cf/go.mod h1:ybxpYRFXyAe+OPACYpWeL0wqObRcbAqCMya13uyzqw0=
github.com/davecgh/go-spew v1.1.0/go.mod h1:J7Y8YcW2NihsgmVo/mv3lAwl/skON4iLHjSsI+c5H38=
github.com/hdevalence/ed25519consensus v0.0.0-20220222234857-c00d1f31bab3 h1:aSVUgRRRtOrZOC1fYmY9gV0e9z/Iu+xNVSASWjsuyGU=
github.com/hdevalence/ed25519consensus v0.0.0-20220222234857-c00d1f31bab3/go.mod h1:5PC6ZNPde8bBqU/ewGZig35+UIZtw9Ytxez8/q5ZyFE=
github.com/julienschmidt/httprouter v1.3.0 h1:U0609e9tgbseu3rBINet9P48AI/D3oJs4dN7jwJOQ1U=
github.com/julienschmidt/httprouter v1.3.0/go.mod h1:JR6WtHb+2LUe8TCKY3cZOxFyyO8IZAc4RVcycCCAKdM=
github.com/pmezard/go-difflib v1.0.0/go.mod h1:iKH77koFhYxTK1pcRnkKkqfTogsbg7gZNVY4sRDYZ/4=
github.com/stretchr/objx v0.1.0/go.mod h1:HFkY916IF+rwdDfMAkV7OtwuqBVzrE8GR6GFx+wExME=
github.com/stretchr/testify v1.3.0/go.mod h1:M5WIy9Dh21IEIfnGCwXGc5bZfKNJtfHm1UVUgZn+9EI=
go.sia.tech/core v0.0.0-20220503195635-4e8b29eaae6b h1:lhhXaJh97UFICmjPqmn2cDTB2qFtJ8pLkuXl8M+Xz/o=
go.sia.tech/core v0.0.0-20220503195635-4e8b29eaae6b/go.mod h1:DzB1dUn6PzFGcWMwnuGD6fjxGGRE8vor3byCIX7pZUU=
golang.org/x/crypto v0.0.0-20210616213533-5ff15b29337e/go.mod h1:GvvjBRRGRdwPK5ydBHafDWAxML/pGHZbMvKqRZ5+Abc=
golang.org/x/crypto v0.0.0-20211209193657-4570a0811e8b h1:QAqMVf3pSa6eeTsuklijukjXBlj7Es2QQplab+/RbQ4=
golang.org/x/crypto v0.0.0-20211209193657-4570a0811e8b/go.mod h1:IxCIyHEi3zRg3s0A5j5BB6A9Jmi73HwBIUl50j+osU4=
golang.org/x/net v0.0.0-20210226172049-e18ecbb05110/go.mod h1:m0MpNAwzfU5UDzcl9v0D8zg8gWTRqZa9RBIspLL5mdg=
golang.org/x/net v0.0.0-20211112202133-69e39bad7dc2/go.mod h1:9nx3DQGgdP8bBQD5qxJ1jj9UTztislL4KSBs9R2vV5Y=
golang.org/x/sys v0.0.0-20190626221950-04f50cda93cb/go.mod h1:h1NjWce9XRLGQEsW7wpKNCjG9DtNlClVuFLEZdDNbEs=
golang.org/x/sys v0.0.0-20201119102817-f84b799fce68/go.mod h1:h1NjWce9XRLGQEsW7wpKNCjG9DtNlClVuFLEZdDNbEs=
golang.org/x/sys v0.0.0-20210423082822-04245dca01da/go.mod h1:h1NjWce9XRLGQEsW7wpKNCjG9DtNlClVuFLEZdDNbEs=
golang.org/x/sys v0.0.0-20210615035016-665e8c7367d1/go.mod h1:oPkhp1MJrh7nUepCBck5+mAzfO9JrbApNNgaTdGDITg=
golang.org/x/sys v0.0.0-20211214234402-4825e8c3871d h1:1oIt9o40TWWI9FUaveVpUvBe13FNqBNVXy3ue2fcfkw=
golang.org/x/sys v0.0.0-20211214234402-4825e8c3871d/go.mod h1:oPkhp1MJrh7nUepCBck5+mAzfO9JrbApNNgaTdGDITg=
golang.org/x/term v0.0.0-20201126162022-7de9c90e9dd1 h1:v+OssWQX+hTHEmOBgwxdZxK4zHq3yOs8F9J7mk0PY8E=
golang.org/x/term v0.0.0-20201126162022-7de9c90e9dd1/go.mod h1:bj7SfCRtBDWHUb9snDiAeCFNEtKQo2Wmx5Cou7ajbmo=
golang.org/x/text v0.3.3/go.mod h1:5Zoc/QRtKVWzQhOtBMvqHzDpF6irO9z98xDceosuGiQ=
golang.org/x/text v0.3.6/go.mod h1:5Zoc/QRtKVWzQhOtBMvqHzDpF6irO9z98xDceosuGiQ=
golang.org/x/tools v0.0.0-20180917221912-90fa682c2a6e/go.mod h1:n7NCudcB/nEzxVGmLbDWY5pfWTLqBcC2KZ6jyYvM4mQ=
golang.org/x/tools v0.0.0-20190213135902-6bedcd10978a/go.mod h1:n7NCudcB/nEzxVGmLbDWY5pfWTLqBcC2KZ6jyYvM4mQ=
gopkg.in/alecthomas/kingpin.v2 v2.2.6/go.mod h1:FMv+mEhP44yOT+4EoQTLFTRgOQ1FBLkstjWtayDeSgw=
lukechampine.com/flagg v1.1.1 h1:jB5oL4D5zSUrzm5og6dDEi5pnrTF1poKfC7KE1lLsqc=
lukechampine.com/flagg v1.1.1/go.mod h1:a9ZuZu5LSPXELWSJrabRD00ort+lDXSOQu34xWgEoDI=
lukechampine.com/frand v1.4.2 h1:RzFIpOvkMXuPMBb9maa4ND4wjBn71E1Jpf8BzJHMaVw=
lukechampine.com/frand v1.4.2/go.mod h1:4S/TM2ZgrKejMcKMbeLjISpJMO+/eZ1zu3vYX9dtj3s=
